// !$*UTF8*$!
{
	archiveVersion = 1;
	classes = {
	};
	objectVersion = 56;
	objects = {

/* Begin PBXBuildFile section */
		BD0DB68C2A3B8CD7008B09F7 /* M22.swift in Sources */ = {isa = PBXBuildFile; fileRef = BD0DB68B2A3B8CD7008B09F7 /* M22.swift */; };
		BD0DB6942A3B9A8F008B09F7 /* M11.swift in Sources */ = {isa = PBXBuildFile; fileRef = BD0DB6932A3B9A8F008B09F7 /* M11.swift */; };
		BD0DB6962A3B9DC1008B09F7 /* E11.swift in Sources */ = {isa = PBXBuildFile; fileRef = BD0DB6952A3B9DC1008B09F7 /* E11.swift */; };
		BD0DB6982A3BA13B008B09F7 /* E22.swift in Sources */ = {isa = PBXBuildFile; fileRef = BD0DB6972A3BA13B008B09F7 /* E22.swift */; };
		BD0DB69A2A3BA32A008B09F7 /* D11.swift in Sources */ = {isa = PBXBuildFile; fileRef = BD0DB6992A3BA32A008B09F7 /* D11.swift */; };
		BD0DB69C2A3BA560008B09F7 /* D22.swift in Sources */ = {isa = PBXBuildFile; fileRef = BD0DB69B2A3BA560008B09F7 /* D22.swift */; };
		BD0DB69E2A3BA693008B09F7 /* L11.swift in Sources */ = {isa = PBXBuildFile; fileRef = BD0DB69D2A3BA693008B09F7 /* L11.swift */; };
		BD0DB6A02A3BA84F008B09F7 /* L22.swift in Sources */ = {isa = PBXBuildFile; fileRef = BD0DB69F2A3BA84F008B09F7 /* L22.swift */; };
		BD205EB42A38BE240088BD84 /* Rubber_DuckApp.swift in Sources */ = {isa = PBXBuildFile; fileRef = BD205EB32A38BE240088BD84 /* Rubber_DuckApp.swift */; };
		BD205EB62A38BE240088BD84 /* ContentView.swift in Sources */ = {isa = PBXBuildFile; fileRef = BD205EB52A38BE240088BD84 /* ContentView.swift */; };
		BD205EB82A38BE250088BD84 /* Assets.xcassets in Resources */ = {isa = PBXBuildFile; fileRef = BD205EB72A38BE250088BD84 /* Assets.xcassets */; };
		BD205EBB2A38BE250088BD84 /* Preview Assets.xcassets in Resources */ = {isa = PBXBuildFile; fileRef = BD205EBA2A38BE250088BD84 /* Preview Assets.xcassets */; };
		BD205EC22A38BED40088BD84 /* Main.swift in Sources */ = {isa = PBXBuildFile; fileRef = BD205EC12A38BED40088BD84 /* Main.swift */; };
		BD205EC42A38BEE10088BD84 /* Info.swift in Sources */ = {isa = PBXBuildFile; fileRef = BD205EC32A38BEE10088BD84 /* Info.swift */; };
		BD205EC62A38BF040088BD84 /* Environment.swift in Sources */ = {isa = PBXBuildFile; fileRef = BD205EC52A38BF040088BD84 /* Environment.swift */; };
		BD205EC82A38BF150088BD84 /* Mental.swift in Sources */ = {isa = PBXBuildFile; fileRef = BD205EC72A38BF150088BD84 /* Mental.swift */; };
		BD205ECA2A38BF3C0088BD84 /* LGBTQIA+.swift in Sources */ = {isa = PBXBuildFile; fileRef = BD205EC92A38BF3C0088BD84 /* LGBTQIA+.swift */; };
		BD205ECC2A38BF650088BD84 /* Disabilities.swift in Sources */ = {isa = PBXBuildFile; fileRef = BD205ECB2A38BF650088BD84 /* Disabilities.swift */; };
		BD205ECE2A38C2190088BD84 /* E1.swift in Sources */ = {isa = PBXBuildFile; fileRef = BD205ECD2A38C2190088BD84 /* E1.swift */; };
		BD205ED02A38C2290088BD84 /* E2.swift in Sources */ = {isa = PBXBuildFile; fileRef = BD205ECF2A38C2290088BD84 /* E2.swift */; };
		BD205ED22A38C2330088BD84 /* M1.swift in Sources */ = {isa = PBXBuildFile; fileRef = BD205ED12A38C2330088BD84 /* M1.swift */; };
		BD205ED42A38C23D0088BD84 /* M2.swift in Sources */ = {isa = PBXBuildFile; fileRef = BD205ED32A38C23D0088BD84 /* M2.swift */; };
		BD205ED62A38C2520088BD84 /* L1.swift in Sources */ = {isa = PBXBuildFile; fileRef = BD205ED52A38C2520088BD84 /* L1.swift */; };
		BD205ED82A38C25C0088BD84 /* L2.swift in Sources */ = {isa = PBXBuildFile; fileRef = BD205ED72A38C25C0088BD84 /* L2.swift */; };
		BD205EDA2A38C26A0088BD84 /* D1.swift in Sources */ = {isa = PBXBuildFile; fileRef = BD205ED92A38C26A0088BD84 /* D1.swift */; };
		BD205EDC2A38C2750088BD84 /* D2.swift in Sources */ = {isa = PBXBuildFile; fileRef = BD205EDB2A38C2750088BD84 /* D2.swift */; };
		BD82FC4E2A3A43360092A202 /* Constants.swift in Sources */ = {isa = PBXBuildFile; fileRef = BD82FC4D2A3A43360092A202 /* Constants.swift */; };
		BD82FC502A3A43680092A202 /* ColorPicker.swift in Sources */ = {isa = PBXBuildFile; fileRef = BD82FC4F2A3A43680092A202 /* ColorPicker.swift */; };
/* End PBXBuildFile section */

/* Begin PBXFileReference section */
		BD0DB68B2A3B8CD7008B09F7 /* M22.swift */ = {isa = PBXFileReference; lastKnownFileType = sourcecode.swift; path = M22.swift; sourceTree = "<group>"; };
		BD0DB6932A3B9A8F008B09F7 /* M11.swift */ = {isa = PBXFileReference; lastKnownFileType = sourcecode.swift; path = M11.swift; sourceTree = "<group>"; };
		BD0DB6952A3B9DC1008B09F7 /* E11.swift */ = {isa = PBXFileReference; lastKnownFileType = sourcecode.swift; path = E11.swift; sourceTree = "<group>"; };
		BD0DB6972A3BA13B008B09F7 /* E22.swift */ = {isa = PBXFileReference; lastKnownFileType = sourcecode.swift; path = E22.swift; sourceTree = "<group>"; };
		BD0DB6992A3BA32A008B09F7 /* D11.swift */ = {isa = PBXFileReference; lastKnownFileType = sourcecode.swift; path = D11.swift; sourceTree = "<group>"; };
		BD0DB69B2A3BA560008B09F7 /* D22.swift */ = {isa = PBXFileReference; lastKnownFileType = sourcecode.swift; path = D22.swift; sourceTree = "<group>"; };
		BD0DB69D2A3BA693008B09F7 /* L11.swift */ = {isa = PBXFileReference; lastKnownFileType = sourcecode.swift; path = L11.swift; sourceTree = "<group>"; };
		BD0DB69F2A3BA84F008B09F7 /* L22.swift */ = {isa = PBXFileReference; lastKnownFileType = sourcecode.swift; path = L22.swift; sourceTree = "<group>"; };
		BD205EB02A38BE240088BD84 /* Rubber Duck.app */ = {isa = PBXFileReference; explicitFileType = wrapper.application; includeInIndex = 0; path = "Rubber Duck.app"; sourceTree = BUILT_PRODUCTS_DIR; };
		BD205EB32A38BE240088BD84 /* Rubber_DuckApp.swift */ = {isa = PBXFileReference; lastKnownFileType = sourcecode.swift; path = Rubber_DuckApp.swift; sourceTree = "<group>"; };
		BD205EB52A38BE240088BD84 /* ContentView.swift */ = {isa = PBXFileReference; lastKnownFileType = sourcecode.swift; path = ContentView.swift; sourceTree = "<group>"; };
		BD205EB72A38BE250088BD84 /* Assets.xcassets */ = {isa = PBXFileReference; lastKnownFileType = folder.assetcatalog; path = Assets.xcassets; sourceTree = "<group>"; };
		BD205EBA2A38BE250088BD84 /* Preview Assets.xcassets */ = {isa = PBXFileReference; lastKnownFileType = folder.assetcatalog; path = "Preview Assets.xcassets"; sourceTree = "<group>"; };
		BD205EC12A38BED40088BD84 /* Main.swift */ = {isa = PBXFileReference; lastKnownFileType = sourcecode.swift; path = Main.swift; sourceTree = "<group>"; };
		BD205EC32A38BEE10088BD84 /* Info.swift */ = {isa = PBXFileReference; lastKnownFileType = sourcecode.swift; path = Info.swift; sourceTree = "<group>"; };
		BD205EC52A38BF040088BD84 /* Environment.swift */ = {isa = PBXFileReference; lastKnownFileType = sourcecode.swift; path = Environment.swift; sourceTree = "<group>"; };
		BD205EC72A38BF150088BD84 /* Mental.swift */ = {isa = PBXFileReference; lastKnownFileType = sourcecode.swift; path = Mental.swift; sourceTree = "<group>"; };
		BD205EC92A38BF3C0088BD84 /* LGBTQIA+.swift */ = {isa = PBXFileReference; lastKnownFileType = sourcecode.swift; path = "LGBTQIA+.swift"; sourceTree = "<group>"; };
		BD205ECB2A38BF650088BD84 /* Disabilities.swift */ = {isa = PBXFileReference; lastKnownFileType = sourcecode.swift; path = Disabilities.swift; sourceTree = "<group>"; };
		BD205ECD2A38C2190088BD84 /* E1.swift */ = {isa = PBXFileReference; lastKnownFileType = sourcecode.swift; path = E1.swift; sourceTree = "<group>"; };
		BD205ECF2A38C2290088BD84 /* E2.swift */ = {isa = PBXFileReference; lastKnownFileType = sourcecode.swift; path = E2.swift; sourceTree = "<group>"; };
		BD205ED12A38C2330088BD84 /* M1.swift */ = {isa = PBXFileReference; lastKnownFileType = sourcecode.swift; path = M1.swift; sourceTree = "<group>"; };
		BD205ED32A38C23D0088BD84 /* M2.swift */ = {isa = PBXFileReference; lastKnownFileType = sourcecode.swift; path = M2.swift; sourceTree = "<group>"; };
		BD205ED52A38C2520088BD84 /* L1.swift */ = {isa = PBXFileReference; lastKnownFileType = sourcecode.swift; path = L1.swift; sourceTree = "<group>"; };
		BD205ED72A38C25C0088BD84 /* L2.swift */ = {isa = PBXFileReference; lastKnownFileType = sourcecode.swift; path = L2.swift; sourceTree = "<group>"; };
		BD205ED92A38C26A0088BD84 /* D1.swift */ = {isa = PBXFileReference; lastKnownFileType = sourcecode.swift; path = D1.swift; sourceTree = "<group>"; };
		BD205EDB2A38C2750088BD84 /* D2.swift */ = {isa = PBXFileReference; lastKnownFileType = sourcecode.swift; path = D2.swift; sourceTree = "<group>"; };
		BD82FC4D2A3A43360092A202 /* Constants.swift */ = {isa = PBXFileReference; lastKnownFileType = sourcecode.swift; path = Constants.swift; sourceTree = "<group>"; };
		BD82FC4F2A3A43680092A202 /* ColorPicker.swift */ = {isa = PBXFileReference; lastKnownFileType = sourcecode.swift; path = ColorPicker.swift; sourceTree = "<group>"; };
/* End PBXFileReference section */

/* Begin PBXFrameworksBuildPhase section */
		BD205EAD2A38BE240088BD84 /* Frameworks */ = {
			isa = PBXFrameworksBuildPhase;
			buildActionMask = 2147483647;
			files = (
			);
			runOnlyForDeploymentPostprocessing = 0;
		};
/* End PBXFrameworksBuildPhase section */

/* Begin PBXGroup section */
		BD205EA72A38BE240088BD84 = {
			isa = PBXGroup;
			children = (
				BD0DB69F2A3BA84F008B09F7 /* L22.swift */,
				BD0DB69D2A3BA693008B09F7 /* L11.swift */,
				BD0DB69B2A3BA560008B09F7 /* D22.swift */,
				BD0DB6992A3BA32A008B09F7 /* D11.swift */,
				BD0DB6972A3BA13B008B09F7 /* E22.swift */,
				BD0DB6952A3B9DC1008B09F7 /* E11.swift */,
				BD0DB68B2A3B8CD7008B09F7 /* M22.swift */,
				BD205ECD2A38C2190088BD84 /* E1.swift */,
				BD205ECF2A38C2290088BD84 /* E2.swift */,
				BD205ED12A38C2330088BD84 /* M1.swift */,
				BD205ED32A38C23D0088BD84 /* M2.swift */,
				BD82FC4D2A3A43360092A202 /* Constants.swift */,
				BD82FC4F2A3A43680092A202 /* ColorPicker.swift */,
				BD205ED52A38C2520088BD84 /* L1.swift */,
				BD205ED72A38C25C0088BD84 /* L2.swift */,
				BD205ED92A38C26A0088BD84 /* D1.swift */,
				BD205EDB2A38C2750088BD84 /* D2.swift */,
				BD205EC12A38BED40088BD84 /* Main.swift */,
				BD205EC32A38BEE10088BD84 /* Info.swift */,
				BD205EC52A38BF040088BD84 /* Environment.swift */,
				BD205EC72A38BF150088BD84 /* Mental.swift */,
				BD205EC92A38BF3C0088BD84 /* LGBTQIA+.swift */,
				BD205ECB2A38BF650088BD84 /* Disabilities.swift */,
				BD205EB22A38BE240088BD84 /* Rubber Duck */,
				BD205EB12A38BE240088BD84 /* Products */,
			);
			sourceTree = "<group>";
		};
		BD205EB12A38BE240088BD84 /* Products */ = {
			isa = PBXGroup;
			children = (
				BD205EB02A38BE240088BD84 /* Rubber Duck.app */,
			);
			name = Products;
			sourceTree = "<group>";
		};
		BD205EB22A38BE240088BD84 /* Rubber Duck */ = {
			isa = PBXGroup;
			children = (
				BD205EB32A38BE240088BD84 /* Rubber_DuckApp.swift */,
				BD205EB52A38BE240088BD84 /* ContentView.swift */,
				BD205EB72A38BE250088BD84 /* Assets.xcassets */,
				BD205EB92A38BE250088BD84 /* Preview Content */,
				BD0DB6932A3B9A8F008B09F7 /* M11.swift */,
			);
			path = "Rubber Duck";
			sourceTree = "<group>";
		};
		BD205EB92A38BE250088BD84 /* Preview Content */ = {
			isa = PBXGroup;
			children = (
				BD205EBA2A38BE250088BD84 /* Preview Assets.xcassets */,
			);
			path = "Preview Content";
			sourceTree = "<group>";
		};
/* End PBXGroup section */

/* Begin PBXNativeTarget section */
		BD205EAF2A38BE240088BD84 /* Rubber Duck */ = {
			isa = PBXNativeTarget;
			buildConfigurationList = BD205EBE2A38BE250088BD84 /* Build configuration list for PBXNativeTarget "Rubber Duck" */;
			buildPhases = (
				BD205EAC2A38BE240088BD84 /* Sources */,
				BD205EAD2A38BE240088BD84 /* Frameworks */,
				BD205EAE2A38BE240088BD84 /* Resources */,
			);
			buildRules = (
			);
			dependencies = (
			);
			name = "Rubber Duck";
			productName = "Rubber Duck";
			productReference = BD205EB02A38BE240088BD84 /* Rubber Duck.app */;
			productType = "com.apple.product-type.application";
		};
/* End PBXNativeTarget section */

/* Begin PBXProject section */
		BD205EA82A38BE240088BD84 /* Project object */ = {
			isa = PBXProject;
			attributes = {
				BuildIndependentTargetsInParallel = 1;
				LastSwiftUpdateCheck = 1430;
				LastUpgradeCheck = 1430;
				TargetAttributes = {
					BD205EAF2A38BE240088BD84 = {
						CreatedOnToolsVersion = 14.3.1;
					};
				};
			};
			buildConfigurationList = BD205EAB2A38BE240088BD84 /* Build configuration list for PBXProject "Rubber Duck" */;
			compatibilityVersion = "Xcode 14.0";
			developmentRegion = en;
			hasScannedForEncodings = 0;
			knownRegions = (
				en,
				Base,
			);
			mainGroup = BD205EA72A38BE240088BD84;
			productRefGroup = BD205EB12A38BE240088BD84 /* Products */;
			projectDirPath = "";
			projectRoot = "";
			targets = (
				BD205EAF2A38BE240088BD84 /* Rubber Duck */,
			);
		};
/* End PBXProject section */

/* Begin PBXResourcesBuildPhase section */
		BD205EAE2A38BE240088BD84 /* Resources */ = {
			isa = PBXResourcesBuildPhase;
			buildActionMask = 2147483647;
			files = (
				BD205EBB2A38BE250088BD84 /* Preview Assets.xcassets in Resources */,
				BD205EB82A38BE250088BD84 /* Assets.xcassets in Resources */,
			);
			runOnlyForDeploymentPostprocessing = 0;
		};
/* End PBXResourcesBuildPhase section */

/* Begin PBXSourcesBuildPhase section */
		BD205EAC2A38BE240088BD84 /* Sources */ = {
			isa = PBXSourcesBuildPhase;
			buildActionMask = 2147483647;
			files = (
				BD0DB69A2A3BA32A008B09F7 /* D11.swift in Sources */,
				BD205EC82A38BF150088BD84 /* Mental.swift in Sources */,
				BD82FC4E2A3A43360092A202 /* Constants.swift in Sources */,
				BD0DB6962A3B9DC1008B09F7 /* E11.swift in Sources */,
				BD0DB69C2A3BA560008B09F7 /* D22.swift in Sources */,
				BD205ED62A38C2520088BD84 /* L1.swift in Sources */,
				BD205EC22A38BED40088BD84 /* Main.swift in Sources */,
				BD205ED42A38C23D0088BD84 /* M2.swift in Sources */,
				BD0DB6A02A3BA84F008B09F7 /* L22.swift in Sources */,
				BD82FC502A3A43680092A202 /* ColorPicker.swift in Sources */,
				BD0DB69E2A3BA693008B09F7 /* L11.swift in Sources */,
				BD205ECE2A38C2190088BD84 /* E1.swift in Sources */,
				BD0DB68C2A3B8CD7008B09F7 /* M22.swift in Sources */,
				BD0DB6982A3BA13B008B09F7 /* E22.swift in Sources */,
				BD205ED82A38C25C0088BD84 /* L2.swift in Sources */,
				BD205ECA2A38BF3C0088BD84 /* LGBTQIA+.swift in Sources */,
				BD205ECC2A38BF650088BD84 /* Disabilities.swift in Sources */,
				BD0DB6942A3B9A8F008B09F7 /* M11.swift in Sources */,
				BD205EDA2A38C26A0088BD84 /* D1.swift in Sources */,
				BD205EDC2A38C2750088BD84 /* D2.swift in Sources */,
				BD205EC42A38BEE10088BD84 /* Info.swift in Sources */,
				BD205ED22A38C2330088BD84 /* M1.swift in Sources */,
				BD205EB62A38BE240088BD84 /* ContentView.swift in Sources */,
				BD205EB42A38BE240088BD84 /* Rubber_DuckApp.swift in Sources */,
				BD205ED02A38C2290088BD84 /* E2.swift in Sources */,
				BD205EC62A38BF040088BD84 /* Environment.swift in Sources */,
			);
			runOnlyForDeploymentPostprocessing = 0;
		};
/* End PBXSourcesBuildPhase section */

/* Begin XCBuildConfiguration section */
		BD205EBC2A38BE250088BD84 /* Debug */ = {
			isa = XCBuildConfiguration;
			buildSettings = {
				ALWAYS_SEARCH_USER_PATHS = NO;
				CLANG_ANALYZER_NONNULL = YES;
				CLANG_ANALYZER_NUMBER_OBJECT_CONVERSION = YES_AGGRESSIVE;
				CLANG_CXX_LANGUAGE_STANDARD = "gnu++20";
				CLANG_ENABLE_MODULES = YES;
				CLANG_ENABLE_OBJC_ARC = YES;
				CLANG_ENABLE_OBJC_WEAK = YES;
				CLANG_WARN_BLOCK_CAPTURE_AUTORELEASING = YES;
				CLANG_WARN_BOOL_CONVERSION = YES;
				CLANG_WARN_COMMA = YES;
				CLANG_WARN_CONSTANT_CONVERSION = YES;
				CLANG_WARN_DEPRECATED_OBJC_IMPLEMENTATIONS = YES;
				CLANG_WARN_DIRECT_OBJC_ISA_USAGE = YES_ERROR;
				CLANG_WARN_DOCUMENTATION_COMMENTS = YES;
				CLANG_WARN_EMPTY_BODY = YES;
				CLANG_WARN_ENUM_CONVERSION = YES;
				CLANG_WARN_INFINITE_RECURSION = YES;
				CLANG_WARN_INT_CONVERSION = YES;
				CLANG_WARN_NON_LITERAL_NULL_CONVERSION = YES;
				CLANG_WARN_OBJC_IMPLICIT_RETAIN_SELF = YES;
				CLANG_WARN_OBJC_LITERAL_CONVERSION = YES;
				CLANG_WARN_OBJC_ROOT_CLASS = YES_ERROR;
				CLANG_WARN_QUOTED_INCLUDE_IN_FRAMEWORK_HEADER = YES;
				CLANG_WARN_RANGE_LOOP_ANALYSIS = YES;
				CLANG_WARN_STRICT_PROTOTYPES = YES;
				CLANG_WARN_SUSPICIOUS_MOVE = YES;
				CLANG_WARN_UNGUARDED_AVAILABILITY = YES_AGGRESSIVE;
				CLANG_WARN_UNREACHABLE_CODE = YES;
				CLANG_WARN__DUPLICATE_METHOD_MATCH = YES;
				COPY_PHASE_STRIP = NO;
				DEBUG_INFORMATION_FORMAT = dwarf;
				ENABLE_STRICT_OBJC_MSGSEND = YES;
				ENABLE_TESTABILITY = YES;
				GCC_C_LANGUAGE_STANDARD = gnu11;
				GCC_DYNAMIC_NO_PIC = NO;
				GCC_NO_COMMON_BLOCKS = YES;
				GCC_OPTIMIZATION_LEVEL = 0;
				GCC_PREPROCESSOR_DEFINITIONS = (
					"DEBUG=1",
					"$(inherited)",
				);
				GCC_WARN_64_TO_32_BIT_CONVERSION = YES;
				GCC_WARN_ABOUT_RETURN_TYPE = YES_ERROR;
				GCC_WARN_UNDECLARED_SELECTOR = YES;
				GCC_WARN_UNINITIALIZED_AUTOS = YES_AGGRESSIVE;
				GCC_WARN_UNUSED_FUNCTION = YES;
				GCC_WARN_UNUSED_VARIABLE = YES;
				IPHONEOS_DEPLOYMENT_TARGET = 16.4;
				MTL_ENABLE_DEBUG_INFO = INCLUDE_SOURCE;
				MTL_FAST_MATH = YES;
				ONLY_ACTIVE_ARCH = YES;
				SDKROOT = iphoneos;
				SWIFT_ACTIVE_COMPILATION_CONDITIONS = DEBUG;
				SWIFT_OPTIMIZATION_LEVEL = "-Onone";
			};
			name = Debug;
		};
		BD205EBD2A38BE250088BD84 /* Release */ = {
			isa = XCBuildConfiguration;
			buildSettings = {
				ALWAYS_SEARCH_USER_PATHS = NO;
				CLANG_ANALYZER_NONNULL = YES;
				CLANG_ANALYZER_NUMBER_OBJECT_CONVERSION = YES_AGGRESSIVE;
				CLANG_CXX_LANGUAGE_STANDARD = "gnu++20";
				CLANG_ENABLE_MODULES = YES;
				CLANG_ENABLE_OBJC_ARC = YES;
				CLANG_ENABLE_OBJC_WEAK = YES;
				CLANG_WARN_BLOCK_CAPTURE_AUTORELEASING = YES;
				CLANG_WARN_BOOL_CONVERSION = YES;
				CLANG_WARN_COMMA = YES;
				CLANG_WARN_CONSTANT_CONVERSION = YES;
				CLANG_WARN_DEPRECATED_OBJC_IMPLEMENTATIONS = YES;
				CLANG_WARN_DIRECT_OBJC_ISA_USAGE = YES_ERROR;
				CLANG_WARN_DOCUMENTATION_COMMENTS = YES;
				CLANG_WARN_EMPTY_BODY = YES;
				CLANG_WARN_ENUM_CONVERSION = YES;
				CLANG_WARN_INFINITE_RECURSION = YES;
				CLANG_WARN_INT_CONVERSION = YES;
				CLANG_WARN_NON_LITERAL_NULL_CONVERSION = YES;
				CLANG_WARN_OBJC_IMPLICIT_RETAIN_SELF = YES;
				CLANG_WARN_OBJC_LITERAL_CONVERSION = YES;
				CLANG_WARN_OBJC_ROOT_CLASS = YES_ERROR;
				CLANG_WARN_QUOTED_INCLUDE_IN_FRAMEWORK_HEADER = YES;
				CLANG_WARN_RANGE_LOOP_ANALYSIS = YES;
				CLANG_WARN_STRICT_PROTOTYPES = YES;
				CLANG_WARN_SUSPICIOUS_MOVE = YES;
				CLANG_WARN_UNGUARDED_AVAILABILITY = YES_AGGRESSIVE;
				CLANG_WARN_UNREACHABLE_CODE = YES;
				CLANG_WARN__DUPLICATE_METHOD_MATCH = YES;
				COPY_PHASE_STRIP = NO;
				DEBUG_INFORMATION_FORMAT = "dwarf-with-dsym";
				ENABLE_NS_ASSERTIONS = NO;
				ENABLE_STRICT_OBJC_MSGSEND = YES;
				GCC_C_LANGUAGE_STANDARD = gnu11;
				GCC_NO_COMMON_BLOCKS = YES;
				GCC_WARN_64_TO_32_BIT_CONVERSION = YES;
				GCC_WARN_ABOUT_RETURN_TYPE = YES_ERROR;
				GCC_WARN_UNDECLARED_SELECTOR = YES;
				GCC_WARN_UNINITIALIZED_AUTOS = YES_AGGRESSIVE;
				GCC_WARN_UNUSED_FUNCTION = YES;
				GCC_WARN_UNUSED_VARIABLE = YES;
				IPHONEOS_DEPLOYMENT_TARGET = 16.4;
				MTL_ENABLE_DEBUG_INFO = NO;
				MTL_FAST_MATH = YES;
				SDKROOT = iphoneos;
				SWIFT_COMPILATION_MODE = wholemodule;
				SWIFT_OPTIMIZATION_LEVEL = "-O";
				VALIDATE_PRODUCT = YES;
			};
			name = Release;
		};
		BD205EBF2A38BE250088BD84 /* Debug */ = {
			isa = XCBuildConfiguration;
			buildSettings = {
				ASSETCATALOG_COMPILER_APPICON_NAME = AppIcon;
				ASSETCATALOG_COMPILER_GLOBAL_ACCENT_COLOR_NAME = AccentColor;
				CODE_SIGN_STYLE = Automatic;
				CURRENT_PROJECT_VERSION = 1;
				DEVELOPMENT_ASSET_PATHS = "\"Rubber Duck/Preview Content\"";
				ENABLE_PREVIEWS = YES;
				GENERATE_INFOPLIST_FILE = YES;
				INFOPLIST_FILE = "Rubber-Duck-Info.plist";
				INFOPLIST_KEY_CFBundleDisplayName = "";
				INFOPLIST_KEY_UIApplicationSceneManifest_Generation = YES;
				INFOPLIST_KEY_UIApplicationSupportsIndirectInputEvents = YES;
				INFOPLIST_KEY_UILaunchScreen_Generation = YES;
				INFOPLIST_KEY_UISupportedInterfaceOrientations_iPad = "UIInterfaceOrientationPortrait UIInterfaceOrientationPortraitUpsideDown UIInterfaceOrientationLandscapeLeft UIInterfaceOrientationLandscapeRight";
				INFOPLIST_KEY_UISupportedInterfaceOrientations_iPhone = "UIInterfaceOrientationPortrait UIInterfaceOrientationLandscapeLeft UIInterfaceOrientationLandscapeRight";
				LD_RUNPATH_SEARCH_PATHS = (
					"$(inherited)",
					"@executable_path/Frameworks",
				);
				MARKETING_VERSION = 1.0;
				PRODUCT_BUNDLE_IDENTIFIER = "KWK.Rubber-Duck";
				PRODUCT_NAME = "$(TARGET_NAME)";
				SWIFT_EMIT_LOC_STRINGS = YES;
				SWIFT_VERSION = 5.0;
				TARGETED_DEVICE_FAMILY = "1,2";
			};
			name = Debug;
		};
		BD205EC02A38BE250088BD84 /* Release */ = {
			isa = XCBuildConfiguration;
			buildSettings = {
				ASSETCATALOG_COMPILER_APPICON_NAME = AppIcon;
				ASSETCATALOG_COMPILER_GLOBAL_ACCENT_COLOR_NAME = AccentColor;
				CODE_SIGN_STYLE = Automatic;
				CURRENT_PROJECT_VERSION = 1;
				DEVELOPMENT_ASSET_PATHS = "\"Rubber Duck/Preview Content\"";
				ENABLE_PREVIEWS = YES;
				GENERATE_INFOPLIST_FILE = YES;
				INFOPLIST_FILE = "Rubber-Duck-Info.plist";
				INFOPLIST_KEY_CFBundleDisplayName = "";
				INFOPLIST_KEY_UIApplicationSceneManifest_Generation = YES;
				INFOPLIST_KEY_UIApplicationSupportsIndirectInputEvents = YES;
				INFOPLIST_KEY_UILaunchScreen_Generation = YES;
				INFOPLIST_KEY_UISupportedInterfaceOrientations_iPad = "UIInterfaceOrientationPortrait UIInterfaceOrientationPortraitUpsideDown UIInterfaceOrientationLandscapeLeft UIInterfaceOrientationLandscapeRight";
				INFOPLIST_KEY_UISupportedInterfaceOrientations_iPhone = "UIInterfaceOrientationPortrait UIInterfaceOrientationLandscapeLeft UIInterfaceOrientationLandscapeRight";
				LD_RUNPATH_SEARCH_PATHS = (
					"$(inherited)",
					"@executable_path/Frameworks",
				);
				MARKETING_VERSION = 1.0;
				PRODUCT_BUNDLE_IDENTIFIER = "KWK.Rubber-Duck";
				PRODUCT_NAME = "$(TARGET_NAME)";
				SWIFT_EMIT_LOC_STRINGS = YES;
				SWIFT_VERSION = 5.0;
				TARGETED_DEVICE_FAMILY = "1,2";
			};
			name = Release;
		};
/* End XCBuildConfiguration section */

/* Begin XCConfigurationList section */
		BD205EAB2A38BE240088BD84 /* Build configuration list for PBXProject "Rubber Duck" */ = {
			isa = XCConfigurationList;
			buildConfigurations = (
				BD205EBC2A38BE250088BD84 /* Debug */,
				BD205EBD2A38BE250088BD84 /* Release */,
			);
			defaultConfigurationIsVisible = 0;
			defaultConfigurationName = Release;
		};
		BD205EBE2A38BE250088BD84 /* Build configuration list for PBXNativeTarget "Rubber Duck" */ = {
			isa = XCConfigurationList;
			buildConfigurations = (
				BD205EBF2A38BE250088BD84 /* Debug */,
				BD205EC02A38BE250088BD84 /* Release */,
			);
			defaultConfigurationIsVisible = 0;
			defaultConfigurationName = Release;
		};
/* End XCConfigurationList section */
	};
	rootObject = BD205EA82A38BE240088BD84 /* Project object */;
}
